
Microsoft Visual Studio Solution File, Format Version 12.00
# Visual Studio Version 17
VisualStudioVersion = 17.4.33213.308
MinimumVisualStudioVersion = 10.0.40219.1
Project("{FAE04EC0-301F-11D3-BF4B-00C04F79EFBC}") = "Practica01", "Practica01\Practica01.csproj", "{6CC17D92-38C1-43E4-B2EE-DD54BA36C5E8}"
EndProject
Global
	GlobalSection(SolutionConfigurationPlatforms) = preSolution
		Debug|Any CPU = Debug|Any CPU
		Release|Any CPU = Release|Any CPU
	EndGlobalSection
	GlobalSection(ProjectConfigurationPlatforms) = postSolution
		{6CC17D92-38C1-43E4-B2EE-DD54BA36C5E8}.Debug|Any CPU.ActiveCfg = Debug|Any CPU
		{6CC17D92-38C1-43E4-B2EE-DD54BA36C5E8}.Debug|Any CPU.Build.0 = Debug|Any CPU
		{6CC17D92-38C1-43E4-B2EE-DD54BA36C5E8}.Release|Any CPU.ActiveCfg = Release|Any CPU
		{6CC17D92-38C1-43E4-B2EE-DD54BA36C5E8}.Release|Any CPU.Build.0 = Release|Any CPU
	EndGlobalSection
	GlobalSection(SolutionProperties) = preSolution
		HideSolutionNode = FALSE
	EndGlobalSection
	GlobalSection(ExtensibilityGlobals) = postSolution
		SolutionGuid = {AEE474A9-E9A9-495D-8853-06F118F77570}
	EndGlobalSection
EndGlobal
